// !$*UTF8*$!
{
	archiveVersion = 1;
	classes = {
	};
	objectVersion = 90;
	objects = {

/* Begin PBXBuildFile section */
		6A159AF12FE27CBD0079C59B /* HTTPTypes in Frameworks */ = {isa = PBXBuildFile; productRef = 6A159AF02FE27CBD0079C59B /* HTTPTypes */; };
		6A159AF32FE284810079C59B /* HTTPTypesFoundation in Frameworks */ = {isa = PBXBuildFile; productRef = 6A159AF22FE284810079C59B /* HTTPTypesFoundation */; };
		6A159AF92FE2A6760079C59B /* EventSource in Frameworks */ = {isa = PBXBuildFile; productRef = 6A159AF82FE2A6760079C59B /* EventSource */; };
		6A1EA75230037CF0008277C2 /* ClusterKit in Frameworks */ = {isa = PBXBuildFile; productRef = 6A1EA75130037CF0008277C2 /* ClusterKit */; };
		6A29DB9F3002876900539268 /* ClusterKit in Frameworks */ = {isa = PBXBuildFile; productRef = 6A29DB9E3002876900539268 /* ClusterKit */; };
		6A3065CC2FE2D10F00C9BE5A /* Common.framework in Frameworks */ = {isa = PBXBuildFile; fileRef = 6AF0C6B42FE23C1500B2E764 /* Common.framework */; };
		6A3065D12FE2D11500C9BE5A /* Common.framework in Frameworks */ = {isa = PBXBuildFile; fileRef = 6AF0C6B42FE23C1500B2E764 /* Common.framework */; };
		6A3065D22FE2D11500C9BE5A /* Common.framework in Embed Frameworks */ = {isa = PBXBuildFile; fileRef = 6AF0C6B42FE23C1500B2E764 /* Common.framework */; settings = {ATTRIBUTES = (CodeSignOnCopy, RemoveHeadersOnCopy, ); }; };
		6A4523D02FE398B000EA5AD2 /* Algorithms in Frameworks */ = {isa = PBXBuildFile; productRef = 6A4523CF2FE398B000EA5AD2 /* Algorithms */; };
		6A566DA72FE52E5800378452 /* Transmission in Frameworks */ = {isa = PBXBuildFile; productRef = 6A566DA62FE52E5800378452 /* Transmission */; };
		6A566DB82FE54F0C00378452 /* AsyncAlgorithms in Frameworks */ = {isa = PBXBuildFile; productRef = 6A566DB72FE54F0C00378452 /* AsyncAlgorithms */; };
		6A6432652FE44CED00D2368A /* Logging in Frameworks */ = {isa = PBXBuildFile; productRef = 6A6432642FE44CED00D2368A /* Logging */; };
		6A66DA8D2FE69D41009AEDF9 /* Common.framework in Frameworks */ = {isa = PBXBuildFile; fileRef = 6AF0C6B42FE23C1500B2E764 /* Common.framework */; };
		6A695FE32FE2356700DB08E0 /* macOSShare.appex in Embed Foundation Extensions */ = {isa = PBXBuildFile; fileRef = 6A695FD72FE2356600DB08E0 /* macOSShare.appex */; platformFilters = (macos, ); settings = {ATTRIBUTES = (RemoveHeadersOnCopy, ); }; };
		6A695FF62FE235B800DB08E0 /* iOSShare.appex in Embed Foundation Extensions */ = {isa = PBXBuildFile; fileRef = 6A695FEC2FE235B800DB08E0 /* iOSShare.appex */; platformFilter = ios; settings = {ATTRIBUTES = (RemoveHeadersOnCopy, ); }; };
		6A87CCCE2FE406C6004F5719 /* SwiftUIIntrospect in Frameworks */ = {isa = PBXBuildFile; productRef = 6A87CCCD2FE406C6004F5719 /* SwiftUIIntrospect */; };
		6A89F415300512CA00620A16 /* Flow in Frameworks */ = {isa = PBXBuildFile; productRef = 6A89F414300512CA00620A16 /* Flow */; };
		6AA092282FFC8AEB006315B0 /* MemoryIndexExtension.appex in Embed Foundation Extensions */ = {isa = PBXBuildFile; fileRef = 6A97C6CC2FE7A3B100684DEE /* MemoryIndexExtension.appex */; settings = {ATTRIBUTES = (RemoveHeadersOnCopy, ); }; };
		6AF0C6BF2FE23C1600B2E764 /* Common.framework in Frameworks */ = {isa = PBXBuildFile; fileRef = 6AF0C6B42FE23C1500B2E764 /* Common.framework */; };
		6AF0C6C92FE23C1600B2E764 /* Common.framework in Frameworks */ = {isa = PBXBuildFile; fileRef = 6AF0C6B42FE23C1500B2E764 /* Common.framework */; };
		6AF0C6CA2FE23C1600B2E764 /* Common.framework in Embed Frameworks */ = {isa = PBXBuildFile; fileRef = 6AF0C6B42FE23C1500B2E764 /* Common.framework */; settings = {ATTRIBUTES = (CodeSignOnCopy, RemoveHeadersOnCopy, ); }; };
/* End PBXBuildFile section */

/* Begin PBXContainerItemProxy section */
		6A3065CE2FE2D10F00C9BE5A /* PBXContainerItemProxy */ = {
			isa = PBXContainerItemProxy;
			containerPortal = 000000000000000000000000 /* Project object */;
			proxyType = 1;
			remoteGlobalIDString = 6AF0C6B32FE23C1500B2E764;
			remoteInfo = Common;
		};
		6A3065D32FE2D11500C9BE5A /* PBXContainerItemProxy */ = {
			isa = PBXContainerItemProxy;
			containerPortal = 000000000000000000000000 /* Project object */;
			proxyType = 1;
			remoteGlobalIDString = 6AF0C6B32FE23C1500B2E764;
			remoteInfo = Common;
		};
		6A66DA8F2FE69D41009AEDF9 /* PBXContainerItemProxy */ = {
			isa = PBXContainerItemProxy;
			containerPortal = 000000000000000000000000 /* Project object */;
			proxyType = 1;
			remoteGlobalIDString = 6AF0C6B32FE23C1500B2E764;
			remoteInfo = Common;
		};
		6A695FE12FE2356700DB08E0 /* PBXContainerItemProxy */ = {
			isa = PBXContainerItemProxy;
			containerPortal = 000000000000000000000000 /* Project object */;
			proxyType = 1;
			remoteGlobalIDString = 6A695FD62FE2356600DB08E0;
			remoteInfo = macOSShare;
		};
		6A695FF42FE235B800DB08E0 /* PBXContainerItemProxy */ = {
			isa = PBXContainerItemProxy;
			containerPortal = 000000000000000000000000 /* Project object */;
			proxyType = 1;
			remoteGlobalIDString = 6A695FEB2FE235B800DB08E0;
			remoteInfo = iOSShare;
		};
		6AA092292FFC8AEB006315B0 /* PBXContainerItemProxy */ = {
			isa = PBXContainerItemProxy;
			containerPortal = 000000000000000000000000 /* Project object */;
			proxyType = 1;
			remoteGlobalIDString = 6A66DA7A2FE694EB009AEDF9;
			remoteInfo = MemoryIndexExtension;
		};
		6AF0C6C02FE23C1600B2E764 /* PBXContainerItemProxy */ = {
			isa = PBXContainerItemProxy;
			containerPortal = 000000000000000000000000 /* Project object */;
			proxyType = 1;
			remoteGlobalIDString = 6AF0C6B32FE23C1500B2E764;
			remoteInfo = Common;
		};
		6AF0C6C22FE23C1600B2E764 /* PBXContainerItemProxy */ = {
			isa = PBXContainerItemProxy;
			containerPortal = 000000000000000000000000 /* Project object */;
			proxyType = 1;
			remoteGlobalIDString = 000000000000000100000000;
			remoteInfo = Sumalr;
		};
		6AF0C6C72FE23C1600B2E764 /* PBXContainerItemProxy */ = {
			isa = PBXContainerItemProxy;
			containerPortal = 000000000000000000000000 /* Project object */;
			proxyType = 1;
			remoteGlobalIDString = 6AF0C6B32FE23C1500B2E764;
			remoteInfo = Common;
		};
/* End PBXContainerItemProxy section */

/* Begin PBXCopyFilesBuildPhase section */
		6A3065D52FE2D11500C9BE5A /* Embed Frameworks */ = {
			isa = PBXCopyFilesBuildPhase;
			dstPath = "";
			dstSubfolder = Frameworks;
			files = (
				6A3065D22FE2D11500C9BE5A /* Common.framework in Embed Frameworks */,
			);
			name = "Embed Frameworks";
		};
		6A4523D42FE3A41900EA5AD2 /* Embed Frameworks */ = {
			isa = PBXCopyFilesBuildPhase;
			dstPath = "";
			dstSubfolder = Frameworks;
			files = (
			);
			name = "Embed Frameworks";
		};
		6A695FD22FE2340200DB08E0 /* Embed Foundation Extensions */ = {
			isa = PBXCopyFilesBuildPhase;
			dstPath = "";
			dstSubfolder = PlugIns;
			files = (
				6A695FF62FE235B800DB08E0 /* iOSShare.appex in Embed Foundation Extensions */,
				6AA092282FFC8AEB006315B0 /* MemoryIndexExtension.appex in Embed Foundation Extensions */,
				6A695FE32FE2356700DB08E0 /* macOSShare.appex in Embed Foundation Extensions */,
			);
			name = "Embed Foundation Extensions";
		};
		6AF0C6CB2FE23C1600B2E764 /* Embed Frameworks */ = {
			isa = PBXCopyFilesBuildPhase;
			dstPath = "";
			dstSubfolder = Frameworks;
			files = (
				6AF0C6CA2FE23C1600B2E764 /* Common.framework in Embed Frameworks */,
			);
			name = "Embed Frameworks";
		};
/* End PBXCopyFilesBuildPhase section */

/* Begin PBXFileReference section */
		000000000000000000000120 /* Sumalr.app */ = {isa = PBXFileReference; explicitFileType = wrapper.application; includeInIndex = 0; path = Sumalr.app; sourceTree = BUILT_PRODUCTS_DIR; };
		6A566DC52FE57A4700378452 /* Sumalr.entitlements */ = {isa = PBXFileReference; lastKnownFileType = text.plist.entitlements; path = Sumalr.entitlements; sourceTree = "<group>"; };
		6A66D88D2FE63A47009AEDF9 /* Sumalr-Info.plist */ = {isa = PBXFileReference; lastKnownFileType = text.plist.xml; path = "Sumalr-Info.plist"; sourceTree = "<group>"; };
		6A66DA5F2FE671F3009AEDF9 /* AppIdentifiers.xcconfig */ = {isa = PBXFileReference; lastKnownFileType = text.xcconfig; path = AppIdentifiers.xcconfig; sourceTree = "<group>"; };
		6A695FD72FE2356600DB08E0 /* macOSShare.appex */ = {isa = PBXFileReference; explicitFileType = "wrapper.app-extension"; includeInIndex = 0; path = macOSShare.appex; sourceTree = BUILT_PRODUCTS_DIR; };
		6A695FEC2FE235B800DB08E0 /* iOSShare.appex */ = {isa = PBXFileReference; explicitFileType = "wrapper.app-extension"; includeInIndex = 0; path = iOSShare.appex; sourceTree = BUILT_PRODUCTS_DIR; };
		6A97C6CC2FE7A3B100684DEE /* MemoryIndexExtension.appex */ = {isa = PBXFileReference; explicitFileType = "wrapper.app-extension"; includeInIndex = 0; path = MemoryIndexExtension.appex; sourceTree = BUILT_PRODUCTS_DIR; };
		6AF0C6B42FE23C1500B2E764 /* Common.framework */ = {isa = PBXFileReference; explicitFileType = wrapper.framework; includeInIndex = 0; path = Common.framework; sourceTree = BUILT_PRODUCTS_DIR; };
		6AF0C6BE2FE23C1600B2E764 /* CommonTests.xctest */ = {isa = PBXFileReference; explicitFileType = wrapper.cfbundle; includeInIndex = 0; path = CommonTests.xctest; sourceTree = BUILT_PRODUCTS_DIR; };
/* End PBXFileReference section */

/* Begin PBXFileSystemSynchronizedBuildFileExceptionSet section */
		6A66DA652FE6853F009AEDF9 /* Exceptions for "Common" folder in "Common" target */ = {
			isa = PBXFileSystemSynchronizedBuildFileExceptionSet;
			membershipExceptions = (
				Info.plist,
			);
			target = 6AF0C6B32FE23C1500B2E764 /* Common */;
		};
		6A66DA832FE694EB009AEDF9 /* Exceptions for "MemoryIndexExtension" folder in "MemoryIndexExtension" target */ = {
			isa = PBXFileSystemSynchronizedBuildFileExceptionSet;
			membershipExceptions = (
				Info.plist,
			);
			target = 6A66DA7A2FE694EB009AEDF9 /* MemoryIndexExtension */;
		};
		6A695FE42FE2356700DB08E0 /* Exceptions for "macOSShare" folder in "macOSShare" target */ = {
			isa = PBXFileSystemSynchronizedBuildFileExceptionSet;
			membershipExceptions = (
				Info.plist,
			);
			target = 6A695FD62FE2356600DB08E0 /* macOSShare */;
		};
		6A695FF72FE235B800DB08E0 /* Exceptions for "iOSShare" folder in "iOSShare" target */ = {
			isa = PBXFileSystemSynchronizedBuildFileExceptionSet;
			membershipExceptions = (
				Info.plist,
			);
			target = 6A695FEB2FE235B800DB08E0 /* iOSShare */;
		};
/* End PBXFileSystemSynchronizedBuildFileExceptionSet section */

/* Begin PBXFileSystemSynchronizedRootGroup section */
		000000000000000000000010 /* App */ = {
			isa = PBXFileSystemSynchronizedRootGroup;
			path = App;
			sourceTree = "<group>";
		};
		6A66DA7C2FE694EB009AEDF9 /* MemoryIndexExtension */ = {
			isa = PBXFileSystemSynchronizedRootGroup;
			exceptions = (
				6A66DA832FE694EB009AEDF9 /* Exceptions for "MemoryIndexExtension" folder in "MemoryIndexExtension" target */,
			);
			path = MemoryIndexExtension;
			sourceTree = "<group>";
		};
		6A695FD82FE2356600DB08E0 /* macOSShare */ = {
			isa = PBXFileSystemSynchronizedRootGroup;
			exceptions = (
				6A695FE42FE2356700DB08E0 /* Exceptions for "macOSShare" folder in "macOSShare" target */,
			);
			path = macOSShare;
			sourceTree = "<group>";
		};
		6A695FED2FE235B800DB08E0 /* iOSShare */ = {
			isa = PBXFileSystemSynchronizedRootGroup;
			exceptions = (
				6A695FF72FE235B800DB08E0 /* Exceptions for "iOSShare" folder in "iOSShare" target */,
			);
			path = iOSShare;
			sourceTree = "<group>";
		};
		6AF0C6B52FE23C1500B2E764 /* Common */ = {
			isa = PBXFileSystemSynchronizedRootGroup;
			exceptions = (
				6A66DA652FE6853F009AEDF9 /* Exceptions for "Common" folder in "Common" target */,
			);
			path = Common;
			sourceTree = "<group>";
		};
		6AF0C6C42FE23C1600B2E764 /* CommonTests */ = {
			isa = PBXFileSystemSynchronizedRootGroup;
			path = CommonTests;
			sourceTree = "<group>";
		};
/* End PBXFileSystemSynchronizedRootGroup section */

/* Begin PBXFrameworksBuildPhase section */
		000000000000000130000000 /* Frameworks */ = {
			isa = PBXFrameworksBuildPhase;
			files = (
				6A4523D02FE398B000EA5AD2 /* Algorithms in Frameworks */,
				6A29DB9F3002876900539268 /* ClusterKit in Frameworks */,
				6AF0C6C92FE23C1600B2E764 /* Common.framework in Frameworks */,
				6A87CCCE2FE406C6004F5719 /* SwiftUIIntrospect in Frameworks */,
				6A566DA72FE52E5800378452 /* Transmission in Frameworks */,
				6A6432652FE44CED00D2368A /* Logging in Frameworks */,
				6A566DB82FE54F0C00378452 /* AsyncAlgorithms in Frameworks */,
				6A89F415300512CA00620A16 /* Flow in Frameworks */,
			);
		};
		6A66DA782FE694EB009AEDF9 /* Frameworks */ = {
			isa = PBXFrameworksBuildPhase;
			files = (
				6A66DA8D2FE69D41009AEDF9 /* Common.framework in Frameworks */,
			);
		};
		6A695FD42FE2356600DB08E0 /* Frameworks */ = {
			isa = PBXFrameworksBuildPhase;
			files = (
				6A3065D12FE2D11500C9BE5A /* Common.framework in Frameworks */,
			);
		};
		6A695FE92FE235B800DB08E0 /* Frameworks */ = {
			isa = PBXFrameworksBuildPhase;
			files = (
				6A3065CC2FE2D10F00C9BE5A /* Common.framework in Frameworks */,
			);
		};
		6AF0C6B12FE23C1500B2E764 /* Frameworks */ = {
			isa = PBXFrameworksBuildPhase;
			files = (
				6A1EA75230037CF0008277C2 /* ClusterKit in Frameworks */,
				6A159AF12FE27CBD0079C59B /* HTTPTypes in Frameworks */,
				6A159AF92FE2A6760079C59B /* EventSource in Frameworks */,
				6A159AF32FE284810079C59B /* HTTPTypesFoundation in Frameworks */,
			);
		};
		6AF0C6BB2FE23C1600B2E764 /* Frameworks */ = {
			isa = PBXFrameworksBuildPhase;
			files = (
				6AF0C6BF2FE23C1600B2E764 /* Common.framework in Frameworks */,
			);
		};
/* End PBXFrameworksBuildPhase section */

/* Begin PBXGroup section */
		000000000000000000000001 = {
			isa = PBXGroup;
			children = (
				6A66DA5F2FE671F3009AEDF9 /* AppIdentifiers.xcconfig */,
				000000000000000000000010 /* App */,
				6A695FD82FE2356600DB08E0 /* macOSShare */,
				6A695FED2FE235B800DB08E0 /* iOSShare */,
				6AF0C6B52FE23C1500B2E764 /* Common */,
				6AF0C6C42FE23C1600B2E764 /* CommonTests */,
				6A66DA7C2FE694EB009AEDF9 /* MemoryIndexExtension */,
				6A159AEF2FE27CBD0079C59B /* Frameworks */,
				000000000000000000000020 /* Products */,
				6A566DC52FE57A4700378452 /* Sumalr.entitlements */,
				6A66D88D2FE63A47009AEDF9 /* Sumalr-Info.plist */,
			);
			sourceTree = "<group>";
		};
		000000000000000000000020 /* Products */ = {
			isa = PBXGroup;
			children = (
				000000000000000000000120 /* Sumalr.app */,
				6A695FD72FE2356600DB08E0 /* macOSShare.appex */,
				6A695FEC2FE235B800DB08E0 /* iOSShare.appex */,
				6AF0C6B42FE23C1500B2E764 /* Common.framework */,
				6AF0C6BE2FE23C1600B2E764 /* CommonTests.xctest */,
				6A97C6CC2FE7A3B100684DEE /* MemoryIndexExtension.appex */,
			);
			name = Products;
			sourceTree = "<group>";
		};
		6A159AEF2FE27CBD0079C59B /* Frameworks */ = {
			isa = PBXGroup;
			children = (
			);
			name = Frameworks;
			sourceTree = "<group>";
		};
/* End PBXGroup section */

/* Begin PBXHeadersBuildPhase section */
		6AF0C6AF2FE23C1500B2E764 /* Headers */ = {
			isa = PBXHeadersBuildPhase;
			files = (
			);
		};
/* End PBXHeadersBuildPhase section */

/* Begin PBXNativeTarget section */
		000000000000000100000000 /* Sumalr */ = {
			isa = PBXNativeTarget;
			buildConfigurationList = 000000000000000110000000 /* Build configuration list for PBXNativeTarget "Sumalr" */;
			buildPhases = (
				000000000000000120000000 /* Sources */,
				000000000000000130000000 /* Frameworks */,
				000000000000000140000000 /* Resources */,
				6A695FD22FE2340200DB08E0 /* Embed Foundation Extensions */,
				6AF0C6CB2FE23C1600B2E764 /* Embed Frameworks */,
			);
			buildRules = (
			);
			dependencies = (
				6A695FE22FE2356700DB08E0 /* PBXTargetDependency */,
				6A695FF52FE235B800DB08E0 /* PBXTargetDependency */,
				6AF0C6C82FE23C1600B2E764 /* PBXTargetDependency */,
				6AA0922A2FFC8AEB006315B0 /* PBXTargetDependency */,
			);
			fileSystemSynchronizedGroups = (
				000000000000000000000010 /* App */,
			);
			name = Sumalr;
			packageProductDependencies = (
				6A4523CF2FE398B000EA5AD2 /* Algorithms */,
				6A87CCCD2FE406C6004F5719 /* SwiftUIIntrospect */,
				6A6432642FE44CED00D2368A /* Logging */,
				6A566DA62FE52E5800378452 /* Transmission */,
				6A566DB72FE54F0C00378452 /* AsyncAlgorithms */,
				6A29DB9E3002876900539268 /* ClusterKit */,
				6A89F414300512CA00620A16 /* Flow */,
			);
			productName = MyApp;
			productReference = 000000000000000000000120 /* Sumalr.app */;
			productType = "com.apple.product-type.application";
		};
		6A66DA7A2FE694EB009AEDF9 /* MemoryIndexExtension */ = {
			isa = PBXNativeTarget;
			buildConfigurationList = 6A66DA842FE694EB009AEDF9 /* Build configuration list for PBXNativeTarget "MemoryIndexExtension" */;
			buildPhases = (
				6A66DA772FE694EB009AEDF9 /* Sources */,
				6A66DA782FE694EB009AEDF9 /* Frameworks */,
				6A66DA792FE694EB009AEDF9 /* Resources */,
			);
			buildRules = (
			);
			dependencies = (
				6A66DA902FE69D41009AEDF9 /* PBXTargetDependency */,
			);
			fileSystemSynchronizedGroups = (
				6A66DA7C2FE694EB009AEDF9 /* MemoryIndexExtension */,
			);
			name = MemoryIndexExtension;
			productName = MemoryIndexExtension;
			productReference = 6A97C6CC2FE7A3B100684DEE /* MemoryIndexExtension.appex */;
			productType = "com.apple.product-type.app-extension";
		};
		6A695FD62FE2356600DB08E0 /* macOSShare */ = {
			isa = PBXNativeTarget;
			buildConfigurationList = 6A695FE52FE2356700DB08E0 /* Build configuration list for PBXNativeTarget "macOSShare" */;
			buildPhases = (
				6A695FD32FE2356600DB08E0 /* Sources */,
				6A695FD42FE2356600DB08E0 /* Frameworks */,
				6A695FD52FE2356600DB08E0 /* Resources */,
				6A3065D52FE2D11500C9BE5A /* Embed Frameworks */,
			);
			buildRules = (
			);
			dependencies = (
				6A3065D42FE2D11500C9BE5A /* PBXTargetDependency */,
			);
			fileSystemSynchronizedGroups = (
				6A695FD82FE2356600DB08E0 /* macOSShare */,
			);
			name = macOSShare;
			productName = macOSShare;
			productReference = 6A695FD72FE2356600DB08E0 /* macOSShare.appex */;
			productType = "com.apple.product-type.app-extension";
		};
		6A695FEB2FE235B800DB08E0 /* iOSShare */ = {
			isa = PBXNativeTarget;
			buildConfigurationList = 6A695FF82FE235B800DB08E0 /* Build configuration list for PBXNativeTarget "iOSShare" */;
			buildPhases = (
				6A695FE82FE235B800DB08E0 /* Sources */,
				6A695FE92FE235B800DB08E0 /* Frameworks */,
				6A695FEA2FE235B800DB08E0 /* Resources */,
			);
			buildRules = (
			);
			dependencies = (
				6A3065CF2FE2D10F00C9BE5A /* PBXTargetDependency */,
			);
			fileSystemSynchronizedGroups = (
				6A695FED2FE235B800DB08E0 /* iOSShare */,
			);
			name = iOSShare;
			productName = iOSShare;
			productReference = 6A695FEC2FE235B800DB08E0 /* iOSShare.appex */;
			productType = "com.apple.product-type.app-extension";
		};
		6AF0C6B32FE23C1500B2E764 /* Common */ = {
			isa = PBXNativeTarget;
			buildConfigurationList = 6AF0C6D02FE23C1600B2E764 /* Build configuration list for PBXNativeTarget "Common" */;
			buildPhases = (
				6AF0C6AF2FE23C1500B2E764 /* Headers */,
				6AF0C6B02FE23C1500B2E764 /* Sources */,
				6AF0C6B12FE23C1500B2E764 /* Frameworks */,
				6AF0C6B22FE23C1500B2E764 /* Resources */,
				6A4523D42FE3A41900EA5AD2 /* Embed Frameworks */,
			);
			buildRules = (
			);
			fileSystemSynchronizedGroups = (
				6AF0C6B52FE23C1500B2E764 /* Common */,
			);
			name = Common;
			packageProductDependencies = (
				6A159AF02FE27CBD0079C59B /* HTTPTypes */,
				6A159AF22FE284810079C59B /* HTTPTypesFoundation */,
				6A159AF82FE2A6760079C59B /* EventSource */,
				6A1EA75130037CF0008277C2 /* ClusterKit */,
			);
			productName = Common;
			productReference = 6AF0C6B42FE23C1500B2E764 /* Common.framework */;
			productType = "com.apple.product-type.framework";
		};
		6AF0C6BD2FE23C1600B2E764 /* CommonTests */ = {
			isa = PBXNativeTarget;
			buildConfigurationList = 6AF0C6D12FE23C1600B2E764 /* Build configuration list for PBXNativeTarget "CommonTests" */;
			buildPhases = (
				6AF0C6BA2FE23C1600B2E764 /* Sources */,
				6AF0C6BB2FE23C1600B2E764 /* Frameworks */,
				6AF0C6BC2FE23C1600B2E764 /* Resources */,
			);
			buildRules = (
			);
			dependencies = (
				6AF0C6C12FE23C1600B2E764 /* PBXTargetDependency */,
				6AF0C6C32FE23C1600B2E764 /* PBXTargetDependency */,
			);
			fileSystemSynchronizedGroups = (
				6AF0C6C42FE23C1600B2E764 /* CommonTests */,
			);
			name = CommonTests;
			productName = CommonTests;
			productReference = 6AF0C6BE2FE23C1600B2E764 /* CommonTests.xctest */;
			productType = "com.apple.product-type.bundle.unit-test";
		};
/* End PBXNativeTarget section */

/* Begin PBXProject section */
		000000000000000000000000 /* Project object */ = {
			isa = PBXProject;
			attributes = {
				BuildIndependentTargetsInParallel = 1;
				LastSwiftUpdateCheck = 2700;
				LastUpgradeCheck = 2700;
				TargetAttributes = {
					000000000000000100000000 = {
						CreatedOnToolsVersion = 26.3;
					};
					6A66DA7A2FE694EB009AEDF9 = {
						CreatedOnToolsVersion = 27.0;
					};
					6A695FD62FE2356600DB08E0 = {
						CreatedOnToolsVersion = 27.0;
					};
					6A695FEB2FE235B800DB08E0 = {
						CreatedOnToolsVersion = 27.0;
					};
					6AF0C6B32FE23C1500B2E764 = {
						CreatedOnToolsVersion = 27.0;
					};
					6AF0C6BD2FE23C1600B2E764 = {
						CreatedOnToolsVersion = 27.0;
						TestTargetID = 000000000000000100000000;
					};
				};
			};
			buildConfigurationList = 000000000000000010000000 /* Build configuration list for PBXProject "Sumalr" */;
			developmentRegion = en;
			hasScannedForEncodings = 0;
			knownRegions = (
				en,
				Base,
			);
			mainGroup = 000000000000000000000001;
			minimizedProjectReferenceProxies = 1;
			packageReferences = (
				6AF0C6DB2FE27BE600B2E764 /* XCRemoteSwiftPackageReference "swift-http-types" */,
				6A159AF72FE2A6760079C59B /* XCRemoteSwiftPackageReference "EventSource" */,
				6A956D872FE2FE1600834288 /* XCRemoteSwiftPackageReference "swift-algorithms" */,
				6A87CCCC2FE406C6004F5719 /* XCRemoteSwiftPackageReference "swiftui-introspect" */,
				6A6432632FE44CED00D2368A /* XCRemoteSwiftPackageReference "swift-log" */,
				6A64326F2FE527DE00D2368A /* XCRemoteSwiftPackageReference "Transmission" */,
				6A566DB62FE54F0C00378452 /* XCRemoteSwiftPackageReference "swift-async-algorithms" */,
				6A29DB9D300285D500539268 /* XCRemoteSwiftPackageReference "ClusterKit" */,
				6A89F413300512CA00620A16 /* XCRemoteSwiftPackageReference "SwiftUI-Flow" */,
			);
			preferredProjectObjectVersion = 90;
			productRefGroup = 000000000000000000000020 /* Products */;
			projectDirPath = "";
			projectRoot = "";
			targets = (
				000000000000000100000000 /* Sumalr */,
				6A695FD62FE2356600DB08E0 /* macOSShare */,
				6A695FEB2FE235B800DB08E0 /* iOSShare */,
				6AF0C6B32FE23C1500B2E764 /* Common */,
				6AF0C6BD2FE23C1600B2E764 /* CommonTests */,
				6A66DA7A2FE694EB009AEDF9 /* MemoryIndexExtension */,
			);
		};
/* End PBXProject section */

/* Begin PBXResourcesBuildPhase section */
		000000000000000140000000 /* Resources */ = {
			isa = PBXResourcesBuildPhase;
			files = (
			);
		};
		6A66DA792FE694EB009AEDF9 /* Resources */ = {
			isa = PBXResourcesBuildPhase;
			files = (
			);
		};
		6A695FD52FE2356600DB08E0 /* Resources */ = {
			isa = PBXResourcesBuildPhase;
			files = (
			);
		};
		6A695FEA2FE235B800DB08E0 /* Resources */ = {
			isa = PBXResourcesBuildPhase;
			files = (
			);
		};
		6AF0C6B22FE23C1500B2E764 /* Resources */ = {
			isa = PBXResourcesBuildPhase;
			files = (
			);
		};
		6AF0C6BC2FE23C1600B2E764 /* Resources */ = {
			isa = PBXResourcesBuildPhase;
			files = (
			);
		};
/* End PBXResourcesBuildPhase section */

/* Begin PBXSourcesBuildPhase section */
		000000000000000120000000 /* Sources */ = {
			isa = PBXSourcesBuildPhase;
			files = (
			);
		};
		6A66DA772FE694EB009AEDF9 /* Sources */ = {
			isa = PBXSourcesBuildPhase;
			files = (
			);
		};
		6A695FD32FE2356600DB08E0 /* Sources */ = {
			isa = PBXSourcesBuildPhase;
			files = (
			);
		};
		6A695FE82FE235B800DB08E0 /* Sources */ = {
			isa = PBXSourcesBuildPhase;
			files = (
			);
		};
		6AF0C6B02FE23C1500B2E764 /* Sources */ = {
			isa = PBXSourcesBuildPhase;
			files = (
			);
		};
		6AF0C6BA2FE23C1600B2E764 /* Sources */ = {
			isa = PBXSourcesBuildPhase;
			files = (
			);
		};
/* End PBXSourcesBuildPhase section */

/* Begin PBXTargetDependency section */
		6A3065CF2FE2D10F00C9BE5A /* PBXTargetDependency */ = {
			isa = PBXTargetDependency;
			target = 6AF0C6B32FE23C1500B2E764 /* Common */;
			targetProxy = 6A3065CE2FE2D10F00C9BE5A /* PBXContainerItemProxy */;
		};
		6A3065D42FE2D11500C9BE5A /* PBXTargetDependency */ = {
			isa = PBXTargetDependency;
			target = 6AF0C6B32FE23C1500B2E764 /* Common */;
			targetProxy = 6A3065D32FE2D11500C9BE5A /* PBXContainerItemProxy */;
		};
		6A66DA902FE69D41009AEDF9 /* PBXTargetDependency */ = {
			isa = PBXTargetDependency;
			target = 6AF0C6B32FE23C1500B2E764 /* Common */;
			targetProxy = 6A66DA8F2FE69D41009AEDF9 /* PBXContainerItemProxy */;
		};
		6A695FE22FE2356700DB08E0 /* PBXTargetDependency */ = {
			isa = PBXTargetDependency;
			platformFilters = (
				macos,
			);
			target = 6A695FD62FE2356600DB08E0 /* macOSShare */;
			targetProxy = 6A695FE12FE2356700DB08E0 /* PBXContainerItemProxy */;
		};
		6A695FF52FE235B800DB08E0 /* PBXTargetDependency */ = {
			isa = PBXTargetDependency;
			platformFilter = ios;
			target = 6A695FEB2FE235B800DB08E0 /* iOSShare */;
			targetProxy = 6A695FF42FE235B800DB08E0 /* PBXContainerItemProxy */;
		};
		6AA0922A2FFC8AEB006315B0 /* PBXTargetDependency */ = {
			isa = PBXTargetDependency;
			target = 6A66DA7A2FE694EB009AEDF9 /* MemoryIndexExtension */;
			targetProxy = 6AA092292FFC8AEB006315B0 /* PBXContainerItemProxy */;
		};
		6AF0C6C12FE23C1600B2E764 /* PBXTargetDependency */ = {
			isa = PBXTargetDependency;
			target = 6AF0C6B32FE23C1500B2E764 /* Common */;
			targetProxy = 6AF0C6C02FE23C1600B2E764 /* PBXContainerItemProxy */;
		};
		6AF0C6C32FE23C1600B2E764 /* PBXTargetDependency */ = {
			isa = PBXTargetDependency;
			target = 000000000000000100000000 /* Sumalr */;
			targetProxy = 6AF0C6C22FE23C1600B2E764 /* PBXContainerItemProxy */;
		};
		6AF0C6C82FE23C1600B2E764 /* PBXTargetDependency */ = {
			isa = PBXTargetDependency;
			target = 6AF0C6B32FE23C1500B2E764 /* Common */;
			targetProxy = 6AF0C6C72FE23C1600B2E764 /* PBXContainerItemProxy */;
		};
/* End PBXTargetDependency section */

/* Begin XCBuildConfiguration section */
		000000000000000011000000 /* Debug configuration for PBXProject "Sumalr" */ = {
			isa = XCBuildConfiguration;
			baseConfigurationReference = 6A66DA5F2FE671F3009AEDF9 /* AppIdentifiers.xcconfig */;
			buildSettings = {
				ALWAYS_SEARCH_USER_PATHS = NO;
				APPLETVOS_DEPLOYMENT_TARGET = 27.0;
				ASSETCATALOG_COMPILER_GENERATE_SWIFT_ASSET_SYMBOL_EXTENSIONS = YES;
				CLANG_ANALYZER_NONNULL = YES;
				CLANG_ANALYZER_NUMBER_OBJECT_CONVERSION = YES_AGGRESSIVE;
				CLANG_CXX_LANGUAGE_STANDARD = "gnu++20";
				CLANG_ENABLE_MODULES = YES;
				CLANG_ENABLE_OBJC_ARC = YES;
				CLANG_ENABLE_OBJC_WEAK = YES;
				CLANG_WARN_BLOCK_CAPTURE_AUTORELEASING = YES;
				CLANG_WARN_BOOL_CONVERSION = YES;
				CLANG_WARN_COMMA = YES;
				CLANG_WARN_CONSTANT_CONVERSION = YES;
				CLANG_WARN_DEPRECATED_OBJC_IMPLEMENTATIONS = YES;
				CLANG_WARN_DIRECT_OBJC_ISA_USAGE = YES_ERROR;
				CLANG_WARN_DOCUMENTATION_COMMENTS = YES;
				CLANG_WARN_EMPTY_BODY = YES;
				CLANG_WARN_ENUM_CONVERSION = YES;
				CLANG_WARN_INFINITE_RECURSION = YES;
				CLANG_WARN_INT_CONVERSION = YES;
				CLANG_WARN_NON_LITERAL_NULL_CONVERSION = YES;
				CLANG_WARN_OBJC_IMPLICIT_RETAIN_SELF = YES;
				CLANG_WARN_OBJC_LITERAL_CONVERSION = YES;
				CLANG_WARN_OBJC_ROOT_CLASS = YES_ERROR;
				CLANG_WARN_QUOTED_INCLUDE_IN_FRAMEWORK_HEADER = YES;
				CLANG_WARN_RANGE_LOOP_ANALYSIS = YES;
				CLANG_WARN_STRICT_PROTOTYPES = YES;
				CLANG_WARN_SUSPICIOUS_MOVE = YES;
				CLANG_WARN_UNGUARDED_AVAILABILITY = YES_AGGRESSIVE;
				CLANG_WARN_UNREACHABLE_CODE = YES;
				CLANG_WARN__DUPLICATE_METHOD_MATCH = YES;
				COPY_PHASE_STRIP = NO;
				DEAD_CODE_STRIPPING = YES;
				DEBUG_INFORMATION_FORMAT = dwarf;
				DRIVERKIT_DEPLOYMENT_TARGET = 27.0;
				ENABLE_STRICT_OBJC_MSGSEND = YES;
				ENABLE_TESTABILITY = YES;
				ENABLE_USER_SCRIPT_SANDBOXING = YES;
				GCC_C_LANGUAGE_STANDARD = gnu17;
				GCC_DYNAMIC_NO_PIC = NO;
				GCC_NO_COMMON_BLOCKS = YES;
				GCC_OPTIMIZATION_LEVEL = 0;
				GCC_PREPROCESSOR_DEFINITIONS = (
					"DEBUG=1",
					"$(inherited)",
				);
				GCC_WARN_64_TO_32_BIT_CONVERSION = YES;
				GCC_WARN_ABOUT_RETURN_TYPE = YES_ERROR;
				GCC_WARN_UNDECLARED_SELECTOR = YES;
				GCC_WARN_UNINITIALIZED_AUTOS = YES_AGGRESSIVE;
				GCC_WARN_UNUSED_FUNCTION = YES;
				GCC_WARN_UNUSED_VARIABLE = YES;
				IPHONEOS_DEPLOYMENT_TARGET = 27.0;
				LOCALIZATION_PREFERS_STRING_CATALOGS = YES;
				MACOSX_DEPLOYMENT_TARGET = 27.0;
				MTL_ENABLE_DEBUG_INFO = INCLUDE_SOURCE;
				MTL_FAST_MATH = YES;
				ONLY_ACTIVE_ARCH = YES;
				PROJECT_UNIQUE_VALUE = YW0FOS7E;
				STRING_CATALOG_GENERATE_SYMBOLS = YES;
				SWIFT_ACTIVE_COMPILATION_CONDITIONS = "DEBUG $(inherited)";
				SWIFT_EMIT_LOC_STRINGS = YES;
				SWIFT_OBJC_INTEROP_MODE = objcxx;
				SWIFT_OPTIMIZATION_LEVEL = "-Onone";
				SWIFT_VERSION = 6.0;
				WATCHOS_DEPLOYMENT_TARGET = 27.0;
				XROS_DEPLOYMENT_TARGET = 27.0;
			};
			name = Debug;
		};
		000000000000000012000000 /* Release configuration for PBXProject "Sumalr" */ = {
			isa = XCBuildConfiguration;
			baseConfigurationReference = 6A66DA5F2FE671F3009AEDF9 /* AppIdentifiers.xcconfig */;
			buildSettings = {
				ALWAYS_SEARCH_USER_PATHS = NO;
				APPLETVOS_DEPLOYMENT_TARGET = 27.0;
				ASSETCATALOG_COMPILER_GENERATE_SWIFT_ASSET_SYMBOL_EXTENSIONS = YES;
				CLANG_ANALYZER_NONNULL = YES;
				CLANG_ANALYZER_NUMBER_OBJECT_CONVERSION = YES_AGGRESSIVE;
				CLANG_CXX_LANGUAGE_STANDARD = "gnu++20";
				CLANG_ENABLE_MODULES = YES;
				CLANG_ENABLE_OBJC_ARC = YES;
				CLANG_ENABLE_OBJC_WEAK = YES;
				CLANG_WARN_BLOCK_CAPTURE_AUTORELEASING = YES;
				CLANG_WARN_BOOL_CONVERSION = YES;
				CLANG_WARN_COMMA = YES;
				CLANG_WARN_CONSTANT_CONVERSION = YES;
				CLANG_WARN_DEPRECATED_OBJC_IMPLEMENTATIONS = YES;
				CLANG_WARN_DIRECT_OBJC_ISA_USAGE = YES_ERROR;
				CLANG_WARN_DOCUMENTATION_COMMENTS = YES;
				CLANG_WARN_EMPTY_BODY = YES;
				CLANG_WARN_ENUM_CONVERSION = YES;
				CLANG_WARN_INFINITE_RECURSION = YES;
				CLANG_WARN_INT_CONVERSION = YES;
				CLANG_WARN_NON_LITERAL_NULL_CONVERSION = YES;
				CLANG_WARN_OBJC_IMPLICIT_RETAIN_SELF = YES;
				CLANG_WARN_OBJC_LITERAL_CONVERSION = YES;
				CLANG_WARN_OBJC_ROOT_CLASS = YES_ERROR;
				CLANG_WARN_QUOTED_INCLUDE_IN_FRAMEWORK_HEADER = YES;
				CLANG_WARN_RANGE_LOOP_ANALYSIS = YES;
				CLANG_WARN_STRICT_PROTOTYPES = YES;
				CLANG_WARN_SUSPICIOUS_MOVE = YES;
				CLANG_WARN_UNGUARDED_AVAILABILITY = YES_AGGRESSIVE;
				CLANG_WARN_UNREACHABLE_CODE = YES;
				CLANG_WARN__DUPLICATE_METHOD_MATCH = YES;
				COPY_PHASE_STRIP = NO;
				DEAD_CODE_STRIPPING = YES;
				DEBUG_INFORMATION_FORMAT = "dwarf-with-dsym";
				DRIVERKIT_DEPLOYMENT_TARGET = 27.0;
				ENABLE_NS_ASSERTIONS = NO;
				ENABLE_STRICT_OBJC_MSGSEND = YES;
				ENABLE_USER_SCRIPT_SANDBOXING = YES;
				GCC_C_LANGUAGE_STANDARD = gnu17;
				GCC_NO_COMMON_BLOCKS = YES;
				GCC_WARN_64_TO_32_BIT_CONVERSION = YES;
				GCC_WARN_ABOUT_RETURN_TYPE = YES_ERROR;
				GCC_WARN_UNDECLARED_SELECTOR = YES;
				GCC_WARN_UNINITIALIZED_AUTOS = YES_AGGRESSIVE;
				GCC_WARN_UNUSED_FUNCTION = YES;
				GCC_WARN_UNUSED_VARIABLE = YES;
				IPHONEOS_DEPLOYMENT_TARGET = 27.0;
				LOCALIZATION_PREFERS_STRING_CATALOGS = YES;
				MACOSX_DEPLOYMENT_TARGET = 27.0;
				MTL_ENABLE_DEBUG_INFO = NO;
				MTL_FAST_MATH = YES;
				PROJECT_UNIQUE_VALUE = YW0FOS7E;
				STRING_CATALOG_GENERATE_SYMBOLS = YES;
				SWIFT_COMPILATION_MODE = wholemodule;
				SWIFT_EMIT_LOC_STRINGS = YES;
				SWIFT_OBJC_INTEROP_MODE = objcxx;
				SWIFT_VERSION = 6.0;
				WATCHOS_DEPLOYMENT_TARGET = 27.0;
				XROS_DEPLOYMENT_TARGET = 27.0;
			};
			name = Release;
		};
		000000000000000111000000 /* Debug configuration for PBXNativeTarget "Sumalr" */ = {
			isa = XCBuildConfiguration;
			buildSettings = {
				ASSETCATALOG_COMPILER_APPICON_NAME = AppIcon;
				ASSETCATALOG_COMPILER_INCLUDE_ALL_APPICON_ASSETS = YES;
				AUTOMATION_APPLE_EVENTS = NO;
				CODE_SIGN_ENTITLEMENTS = Sumalr.entitlements;
				"CODE_SIGN_IDENTITY[sdk=macosx*]" = "Apple Development";
				CODE_SIGN_STYLE = Automatic;
				CURRENT_PROJECT_VERSION = "$(APP_BUNDLE_VERSION)";
				DEVELOPMENT_TEAM = 3B535J795R;
				ENABLE_APP_SANDBOX = YES;
				ENABLE_HARDENED_RUNTIME = YES;
				ENABLE_INCOMING_NETWORK_CONNECTIONS = NO;
				ENABLE_OUTGOING_NETWORK_CONNECTIONS = YES;
				ENABLE_PREVIEWS = YES;
				ENABLE_RESOURCE_ACCESS_AUDIO_INPUT = NO;
				ENABLE_RESOURCE_ACCESS_BLUETOOTH = NO;
				ENABLE_RESOURCE_ACCESS_CALENDARS = NO;
				ENABLE_RESOURCE_ACCESS_CAMERA = NO;
				ENABLE_RESOURCE_ACCESS_CONTACTS = NO;
				ENABLE_RESOURCE_ACCESS_LOCATION = NO;
				ENABLE_RESOURCE_ACCESS_PHOTO_LIBRARY = NO;
				ENABLE_RESOURCE_ACCESS_PRINTING = NO;
				ENABLE_RESOURCE_ACCESS_USB = NO;
				GENERATE_INFOPLIST_FILE = YES;
				INFOPLIST_FILE = "Sumalr-Info.plist";
				"INFOPLIST_KEY_UIApplicationSceneManifest_Generation[sdk=iphoneos*]" = YES;
				"INFOPLIST_KEY_UIApplicationSceneManifest_Generation[sdk=iphonesimulator*]" = YES;
				"INFOPLIST_KEY_UIApplicationSupportsIndirectInputEvents[sdk=iphoneos*]" = YES;
				"INFOPLIST_KEY_UIApplicationSupportsIndirectInputEvents[sdk=iphonesimulator*]" = YES;
				"INFOPLIST_KEY_UILaunchScreen_Generation[sdk=iphoneos*]" = YES;
				"INFOPLIST_KEY_UILaunchScreen_Generation[sdk=iphonesimulator*]" = YES;
				INFOPLIST_KEY_UILaunchStoryboardName = "";
				"INFOPLIST_KEY_UIStatusBarStyle[sdk=iphoneos*]" = UIStatusBarStyleDefault;
				"INFOPLIST_KEY_UIStatusBarStyle[sdk=iphonesimulator*]" = UIStatusBarStyleDefault;
				INFOPLIST_KEY_UISupportedInterfaceOrientations_iPad = "UIInterfaceOrientationPortrait UIInterfaceOrientationPortraitUpsideDown UIInterfaceOrientationLandscapeLeft UIInterfaceOrientationLandscapeRight";
				INFOPLIST_KEY_UISupportedInterfaceOrientations_iPhone = "UIInterfaceOrientationPortrait UIInterfaceOrientationLandscapeLeft UIInterfaceOrientationLandscapeRight";
				LD_RUNPATH_SEARCH_PATHS = "@executable_path/Frameworks";
				"LD_RUNPATH_SEARCH_PATHS[sdk=macosx*]" = "@executable_path/../Frameworks";
				MARKETING_VERSION = "$(APP_VERSION)";
				OTHER_LDFLAGS = "-v";
				PRODUCT_BUNDLE_IDENTIFIER = "com.zhufucdev.$(PROJECT_UNIQUE_VALUE:identifier).$(PRODUCT_NAME:identifier)";
				PRODUCT_NAME = "$(TARGET_NAME)";
				REGISTER_APP_GROUPS = YES;
				RUNTIME_EXCEPTION_ALLOW_DYLD_ENVIRONMENT_VARIABLES = NO;
				RUNTIME_EXCEPTION_ALLOW_JIT = NO;
				RUNTIME_EXCEPTION_ALLOW_UNSIGNED_EXECUTABLE_MEMORY = NO;
				RUNTIME_EXCEPTION_DEBUGGING_TOOL = NO;
				RUNTIME_EXCEPTION_DISABLE_EXECUTABLE_PAGE_PROTECTION = NO;
				RUNTIME_EXCEPTION_DISABLE_LIBRARY_VALIDATION = NO;
				SDKROOT = auto;
				STRING_CATALOG_GENERATE_SYMBOLS = YES;
				SUPPORTED_PLATFORMS = "iphoneos iphonesimulator macosx";
				SUPPORTS_MACCATALYST = NO;
				SWIFT_APPROACHABLE_CONCURRENCY = YES;
				SWIFT_DEFAULT_ACTOR_ISOLATION = MainActor;
				SWIFT_EMIT_LOC_STRINGS = YES;
				SWIFT_UPCOMING_FEATURE_MEMBER_IMPORT_VISIBILITY = YES;
				SWIFT_VERSION = 6.0;
				TARGETED_DEVICE_FAMILY = "1,2";
			};
			name = Debug;
		};
		000000000000000112000000 /* Release configuration for PBXNativeTarget "Sumalr" */ = {
			isa = XCBuildConfiguration;
			buildSettings = {
				ASSETCATALOG_COMPILER_APPICON_NAME = AppIcon;
				ASSETCATALOG_COMPILER_INCLUDE_ALL_APPICON_ASSETS = YES;
				AUTOMATION_APPLE_EVENTS = NO;
				CODE_SIGN_ENTITLEMENTS = Sumalr.entitlements;
				"CODE_SIGN_IDENTITY[sdk=macosx*]" = "Apple Development";
				CODE_SIGN_STYLE = Automatic;
				CURRENT_PROJECT_VERSION = "$(APP_BUNDLE_VERSION)";
				DEVELOPMENT_TEAM = 3B535J795R;
				ENABLE_APP_SANDBOX = YES;
				ENABLE_HARDENED_RUNTIME = YES;
				ENABLE_INCOMING_NETWORK_CONNECTIONS = NO;
				ENABLE_OUTGOING_NETWORK_CONNECTIONS = YES;
				ENABLE_PREVIEWS = YES;
				ENABLE_RESOURCE_ACCESS_AUDIO_INPUT = NO;
				ENABLE_RESOURCE_ACCESS_BLUETOOTH = NO;
				ENABLE_RESOURCE_ACCESS_CALENDARS = NO;
				ENABLE_RESOURCE_ACCESS_CAMERA = NO;
				ENABLE_RESOURCE_ACCESS_CONTACTS = NO;
				ENABLE_RESOURCE_ACCESS_LOCATION = NO;
				ENABLE_RESOURCE_ACCESS_PHOTO_LIBRARY = NO;
				ENABLE_RESOURCE_ACCESS_PRINTING = NO;
				ENABLE_RESOURCE_ACCESS_USB = NO;
				GENERATE_INFOPLIST_FILE = YES;
				INFOPLIST_FILE = "Sumalr-Info.plist";
				"INFOPLIST_KEY_UIApplicationSceneManifest_Generation[sdk=iphoneos*]" = YES;
				"INFOPLIST_KEY_UIApplicationSceneManifest_Generation[sdk=iphonesimulator*]" = YES;
				"INFOPLIST_KEY_UIApplicationSupportsIndirectInputEvents[sdk=iphoneos*]" = YES;
				"INFOPLIST_KEY_UIApplicationSupportsIndirectInputEvents[sdk=iphonesimulator*]" = YES;
				"INFOPLIST_KEY_UILaunchScreen_Generation[sdk=iphoneos*]" = YES;
				"INFOPLIST_KEY_UILaunchScreen_Generation[sdk=iphonesimulator*]" = YES;
				INFOPLIST_KEY_UILaunchStoryboardName = "";
				"INFOPLIST_KEY_UIStatusBarStyle[sdk=iphoneos*]" = UIStatusBarStyleDefault;
				"INFOPLIST_KEY_UIStatusBarStyle[sdk=iphonesimulator*]" = UIStatusBarStyleDefault;
				INFOPLIST_KEY_UISupportedInterfaceOrientations_iPad = "UIInterfaceOrientationPortrait UIInterfaceOrientationPortraitUpsideDown UIInterfaceOrientationLandscapeLeft UIInterfaceOrientationLandscapeRight";
				INFOPLIST_KEY_UISupportedInterfaceOrientations_iPhone = "UIInterfaceOrientationPortrait UIInterfaceOrientationLandscapeLeft UIInterfaceOrientationLandscapeRight";
				LD_RUNPATH_SEARCH_PATHS = "@executable_path/Frameworks";
				"LD_RUNPATH_SEARCH_PATHS[sdk=macosx*]" = "@executable_path/../Frameworks";
				MARKETING_VERSION = "$(APP_VERSION)";
				OTHER_LDFLAGS = "-v";
				PRODUCT_BUNDLE_IDENTIFIER = "com.zhufucdev.$(PROJECT_UNIQUE_VALUE:identifier).$(PRODUCT_NAME:identifier)";
				PRODUCT_NAME = "$(TARGET_NAME)";
				REGISTER_APP_GROUPS = YES;
				RUNTIME_EXCEPTION_ALLOW_DYLD_ENVIRONMENT_VARIABLES = NO;
				RUNTIME_EXCEPTION_ALLOW_JIT = NO;
				RUNTIME_EXCEPTION_ALLOW_UNSIGNED_EXECUTABLE_MEMORY = NO;
				RUNTIME_EXCEPTION_DEBUGGING_TOOL = NO;
				RUNTIME_EXCEPTION_DISABLE_EXECUTABLE_PAGE_PROTECTION = NO;
				RUNTIME_EXCEPTION_DISABLE_LIBRARY_VALIDATION = NO;
				SDKROOT = auto;
				STRING_CATALOG_GENERATE_SYMBOLS = YES;
				SUPPORTED_PLATFORMS = "iphoneos iphonesimulator macosx";
				SUPPORTS_MACCATALYST = NO;
				SWIFT_APPROACHABLE_CONCURRENCY = YES;
				SWIFT_DEFAULT_ACTOR_ISOLATION = MainActor;
				SWIFT_EMIT_LOC_STRINGS = YES;
				SWIFT_UPCOMING_FEATURE_MEMBER_IMPORT_VISIBILITY = YES;
				SWIFT_VERSION = 6.0;
				TARGETED_DEVICE_FAMILY = "1,2";
			};
			name = Release;
		};
		6A66DA852FE694EB009AEDF9 /* Debug configuration for PBXNativeTarget "MemoryIndexExtension" */ = {
			isa = XCBuildConfiguration;
			buildSettings = {
				CODE_SIGN_STYLE = Automatic;
				CURRENT_PROJECT_VERSION = "$(APP_BUNDLE_VERSION)";
				DEVELOPMENT_TEAM = 3B535J795R;
				ENABLE_APP_SANDBOX = YES;
				ENABLE_HARDENED_RUNTIME = YES;
				ENABLE_OUTGOING_NETWORK_CONNECTIONS = YES;
				GENERATE_INFOPLIST_FILE = YES;
				INFOPLIST_FILE = MemoryIndexExtension/Info.plist;
				INFOPLIST_KEY_CFBundleDisplayName = MemoryIndexExtension;
				INFOPLIST_KEY_NSHumanReadableCopyright = "";
				LD_RUNPATH_SEARCH_PATHS = (
					"$(inherited)",
					"@executable_path/Frameworks",
					"@executable_path/../../Frameworks",
				);
				MARKETING_VERSION = "$(APP_VERSION)";
				PRODUCT_BUNDLE_IDENTIFIER = com.zhufucdev.YW0FOS7E.Sumalr.MemoryIndexExtension;
				PRODUCT_NAME = "$(TARGET_NAME)";
				REGISTER_APP_GROUPS = YES;
				SDKROOT = iphoneos;
				SKIP_INSTALL = YES;
				STRING_CATALOG_GENERATE_SYMBOLS = YES;
				SUPPORTED_PLATFORMS = "iphoneos iphonesimulator macosx";
				SUPPORTS_MACCATALYST = NO;
				SUPPORTS_MAC_DESIGNED_FOR_IPHONE_IPAD = NO;
				SUPPORTS_XR_DESIGNED_FOR_IPHONE_IPAD = NO;
				SWIFT_APPROACHABLE_CONCURRENCY = YES;
				SWIFT_EMIT_LOC_STRINGS = YES;
				SWIFT_UPCOMING_FEATURE_MEMBER_IMPORT_VISIBILITY = YES;
				SWIFT_VERSION = 5.0;
				TARGETED_DEVICE_FAMILY = "1,2";
			};
			name = Debug;
		};
		6A66DA862FE694EB009AEDF9 /* Release configuration for PBXNativeTarget "MemoryIndexExtension" */ = {
			isa = XCBuildConfiguration;
			buildSettings = {
				CODE_SIGN_STYLE = Automatic;
				CURRENT_PROJECT_VERSION = "$(APP_BUNDLE_VERSION)";
				DEVELOPMENT_TEAM = 3B535J795R;
				ENABLE_APP_SANDBOX = YES;
				ENABLE_HARDENED_RUNTIME = YES;
				ENABLE_OUTGOING_NETWORK_CONNECTIONS = YES;
				GENERATE_INFOPLIST_FILE = YES;
				INFOPLIST_FILE = MemoryIndexExtension/Info.plist;
				INFOPLIST_KEY_CFBundleDisplayName = MemoryIndexExtension;
				INFOPLIST_KEY_NSHumanReadableCopyright = "";
				LD_RUNPATH_SEARCH_PATHS = (
					"$(inherited)",
					"@executable_path/Frameworks",
					"@executable_path/../../Frameworks",
				);
				MARKETING_VERSION = "$(APP_VERSION)";
				PRODUCT_BUNDLE_IDENTIFIER = com.zhufucdev.YW0FOS7E.Sumalr.MemoryIndexExtension;
				PRODUCT_NAME = "$(TARGET_NAME)";
				REGISTER_APP_GROUPS = YES;
				SDKROOT = iphoneos;
				SKIP_INSTALL = YES;
				STRING_CATALOG_GENERATE_SYMBOLS = YES;
				SUPPORTED_PLATFORMS = "iphoneos iphonesimulator macosx";
				SUPPORTS_MACCATALYST = NO;
				SUPPORTS_MAC_DESIGNED_FOR_IPHONE_IPAD = NO;
				SUPPORTS_XR_DESIGNED_FOR_IPHONE_IPAD = NO;
				SWIFT_APPROACHABLE_CONCURRENCY = YES;
				SWIFT_EMIT_LOC_STRINGS = YES;
				SWIFT_UPCOMING_FEATURE_MEMBER_IMPORT_VISIBILITY = YES;
				SWIFT_VERSION = 5.0;
				TARGETED_DEVICE_FAMILY = "1,2";
				VALIDATE_PRODUCT = YES;
			};
			name = Release;
		};
		6A695FE62FE2356700DB08E0 /* Debug configuration for PBXNativeTarget "macOSShare" */ = {
			isa = XCBuildConfiguration;
			buildSettings = {
				CODE_SIGN_ENTITLEMENTS = macOSShare/macOSShare.entitlements;
				CODE_SIGN_STYLE = Automatic;
				COMBINE_HIDPI_IMAGES = YES;
				CURRENT_PROJECT_VERSION = "$(APP_BUNDLE_VERSION)";
				DEVELOPMENT_TEAM = 3B535J795R;
				ENABLE_APP_SANDBOX = YES;
				ENABLE_HARDENED_RUNTIME = YES;
				ENABLE_INCOMING_NETWORK_CONNECTIONS = NO;
				ENABLE_OUTGOING_NETWORK_CONNECTIONS = YES;
				ENABLE_RESOURCE_ACCESS_AUDIO_INPUT = NO;
				ENABLE_RESOURCE_ACCESS_BLUETOOTH = NO;
				ENABLE_RESOURCE_ACCESS_CALENDARS = NO;
				ENABLE_RESOURCE_ACCESS_CAMERA = NO;
				ENABLE_RESOURCE_ACCESS_CONTACTS = NO;
				ENABLE_RESOURCE_ACCESS_LOCATION = NO;
				ENABLE_RESOURCE_ACCESS_PRINTING = NO;
				ENABLE_RESOURCE_ACCESS_USB = NO;
				ENABLE_USER_SELECTED_FILES = readonly;
				GENERATE_INFOPLIST_FILE = YES;
				INFOPLIST_FILE = macOSShare/Info.plist;
				INFOPLIST_KEY_CFBundleDisplayName = "Create Sumalr task";
				INFOPLIST_KEY_NSHumanReadableCopyright = "";
				LD_RUNPATH_SEARCH_PATHS = (
					"$(inherited)",
					"@executable_path/../Frameworks",
					"@executable_path/../../../../Frameworks",
				);
				MARKETING_VERSION = "$(APP_VERSION)";
				PRODUCT_BUNDLE_IDENTIFIER = com.zhufucdev.YW0FOS7E.Sumalr.macOSShare;
				PRODUCT_MODULE_NAME = "$(PRODUCT_NAME)";
				PRODUCT_NAME = macOSShare;
				REGISTER_APP_GROUPS = YES;
				SDKROOT = macosx;
				SKIP_INSTALL = YES;
				STRING_CATALOG_GENERATE_SYMBOLS = YES;
				SWIFT_APPROACHABLE_CONCURRENCY = YES;
				SWIFT_EMIT_LOC_STRINGS = YES;
				SWIFT_UPCOMING_FEATURE_MEMBER_IMPORT_VISIBILITY = YES;
				SWIFT_VERSION = 6.0;
			};
			name = Debug;
		};
		6A695FE72FE2356700DB08E0 /* Release configuration for PBXNativeTarget "macOSShare" */ = {
			isa = XCBuildConfiguration;
			buildSettings = {
				CODE_SIGN_ENTITLEMENTS = macOSShare/macOSShare.entitlements;
				CODE_SIGN_STYLE = Automatic;
				COMBINE_HIDPI_IMAGES = YES;
				CURRENT_PROJECT_VERSION = "$(APP_BUNDLE_VERSION)";
				DEVELOPMENT_TEAM = 3B535J795R;
				ENABLE_APP_SANDBOX = YES;
				ENABLE_HARDENED_RUNTIME = YES;
				ENABLE_INCOMING_NETWORK_CONNECTIONS = NO;
				ENABLE_OUTGOING_NETWORK_CONNECTIONS = YES;
				ENABLE_RESOURCE_ACCESS_AUDIO_INPUT = NO;
				ENABLE_RESOURCE_ACCESS_BLUETOOTH = NO;
				ENABLE_RESOURCE_ACCESS_CALENDARS = NO;
				ENABLE_RESOURCE_ACCESS_CAMERA = NO;
				ENABLE_RESOURCE_ACCESS_CONTACTS = NO;
				ENABLE_RESOURCE_ACCESS_LOCATION = NO;
				ENABLE_RESOURCE_ACCESS_PRINTING = NO;
				ENABLE_RESOURCE_ACCESS_USB = NO;
				ENABLE_USER_SELECTED_FILES = readonly;
				GENERATE_INFOPLIST_FILE = YES;
				INFOPLIST_FILE = macOSShare/Info.plist;
				INFOPLIST_KEY_CFBundleDisplayName = "Create Sumalr task";
				INFOPLIST_KEY_NSHumanReadableCopyright = "";
				LD_RUNPATH_SEARCH_PATHS = (
					"$(inherited)",
					"@executable_path/../Frameworks",
					"@executable_path/../../../../Frameworks",
				);
				MARKETING_VERSION = "$(APP_VERSION)";
				PRODUCT_BUNDLE_IDENTIFIER = com.zhufucdev.YW0FOS7E.Sumalr.macOSShare;
				PRODUCT_MODULE_NAME = "$(PRODUCT_NAME)";
				PRODUCT_NAME = macOSShare;
				REGISTER_APP_GROUPS = YES;
				SDKROOT = macosx;
				SKIP_INSTALL = YES;
				STRING_CATALOG_GENERATE_SYMBOLS = YES;
				SWIFT_APPROACHABLE_CONCURRENCY = YES;
				SWIFT_EMIT_LOC_STRINGS = YES;
				SWIFT_UPCOMING_FEATURE_MEMBER_IMPORT_VISIBILITY = YES;
				SWIFT_VERSION = 6.0;
			};
			name = Release;
		};
		6A695FF92FE235B800DB08E0 /* Debug configuration for PBXNativeTarget "iOSShare" */ = {
			isa = XCBuildConfiguration;
			buildSettings = {
				CODE_SIGN_ENTITLEMENTS = iOSShare/iOSShare.entitlements;
				CODE_SIGN_STYLE = Automatic;
				CURRENT_PROJECT_VERSION = "$(APP_BUNDLE_VERSION)";
				DEVELOPMENT_TEAM = 3B535J795R;
				GENERATE_INFOPLIST_FILE = YES;
				INFOPLIST_FILE = iOSShare/Info.plist;
				INFOPLIST_KEY_CFBundleDisplayName = iOSShare;
				INFOPLIST_KEY_NSHumanReadableCopyright = "";
				LD_RUNPATH_SEARCH_PATHS = (
					"$(inherited)",
					"@executable_path/Frameworks",
					"@executable_path/../../Frameworks",
				);
				MARKETING_VERSION = "$(APP_VERSION)";
				PRODUCT_BUNDLE_IDENTIFIER = com.zhufucdev.YW0FOS7E.Sumalr.iOSShare;
				PRODUCT_NAME = "$(TARGET_NAME)";
				REGISTER_APP_GROUPS = YES;
				SDKROOT = iphoneos;
				SKIP_INSTALL = YES;
				STRING_CATALOG_GENERATE_SYMBOLS = YES;
				SUPPORTED_PLATFORMS = "iphoneos iphonesimulator";
				SUPPORTS_MACCATALYST = NO;
				SUPPORTS_MAC_DESIGNED_FOR_IPHONE_IPAD = NO;
				SUPPORTS_XR_DESIGNED_FOR_IPHONE_IPAD = NO;
				SWIFT_APPROACHABLE_CONCURRENCY = YES;
				SWIFT_EMIT_LOC_STRINGS = YES;
				SWIFT_UPCOMING_FEATURE_MEMBER_IMPORT_VISIBILITY = YES;
				SWIFT_VERSION = 6.0;
				TARGETED_DEVICE_FAMILY = "1,2";
			};
			name = Debug;
		};
		6A695FFA2FE235B800DB08E0 /* Release configuration for PBXNativeTarget "iOSShare" */ = {
			isa = XCBuildConfiguration;
			buildSettings = {
				CODE_SIGN_ENTITLEMENTS = iOSShare/iOSShare.entitlements;
				CODE_SIGN_STYLE = Automatic;
				CURRENT_PROJECT_VERSION = "$(APP_BUNDLE_VERSION)";
				DEVELOPMENT_TEAM = 3B535J795R;
				GENERATE_INFOPLIST_FILE = YES;
				INFOPLIST_FILE = iOSShare/Info.plist;
				INFOPLIST_KEY_CFBundleDisplayName = iOSShare;
				INFOPLIST_KEY_NSHumanReadableCopyright = "";
				LD_RUNPATH_SEARCH_PATHS = (
					"$(inherited)",
					"@executable_path/Frameworks",
					"@executable_path/../../Frameworks",
				);
				MARKETING_VERSION = "$(APP_VERSION)";
				PRODUCT_BUNDLE_IDENTIFIER = com.zhufucdev.YW0FOS7E.Sumalr.iOSShare;
				PRODUCT_NAME = "$(TARGET_NAME)";
				REGISTER_APP_GROUPS = YES;
				SDKROOT = iphoneos;
				SKIP_INSTALL = YES;
				STRING_CATALOG_GENERATE_SYMBOLS = YES;
				SUPPORTED_PLATFORMS = "iphoneos iphonesimulator";
				SUPPORTS_MACCATALYST = NO;
				SUPPORTS_MAC_DESIGNED_FOR_IPHONE_IPAD = NO;
				SUPPORTS_XR_DESIGNED_FOR_IPHONE_IPAD = NO;
				SWIFT_APPROACHABLE_CONCURRENCY = YES;
				SWIFT_EMIT_LOC_STRINGS = YES;
				SWIFT_UPCOMING_FEATURE_MEMBER_IMPORT_VISIBILITY = YES;
				SWIFT_VERSION = 6.0;
				TARGETED_DEVICE_FAMILY = "1,2";
				VALIDATE_PRODUCT = YES;
			};
			name = Release;
		};
		6AF0C6CC2FE23C1600B2E764 /* Debug configuration for PBXNativeTarget "Common" */ = {
			isa = XCBuildConfiguration;
			buildSettings = {
				ALLOW_TARGET_PLATFORM_SPECIALIZATION = YES;
				BUILD_LIBRARY_FOR_DISTRIBUTION = NO;
				CODE_SIGN_STYLE = Automatic;
				CURRENT_PROJECT_VERSION = 1;
				DEVELOPMENT_TEAM = 3B535J795R;
				DYLIB_COMPATIBILITY_VERSION = 1;
				DYLIB_CURRENT_VERSION = 1;
				DYLIB_INSTALL_NAME_BASE = "@rpath";
				ENABLE_MODULE_VERIFIER = YES;
				GENERATE_INFOPLIST_FILE = YES;
				INFOPLIST_FILE = Common/Info.plist;
				INFOPLIST_KEY_LSApplicationCategoryType = "";
				INFOPLIST_KEY_NSHumanReadableCopyright = "";
				INSTALL_PATH = "$(LOCAL_LIBRARY_DIR)/Frameworks";
				IPHONEOS_DEPLOYMENT_TARGET = 27.0;
				LD_RUNPATH_SEARCH_PATHS = (
					"@executable_path/Frameworks",
					"@loader_path/Frameworks",
				);
				"LD_RUNPATH_SEARCH_PATHS[sdk=macosx*]" = (
					"@executable_path/../Frameworks",
					"@loader_path/Frameworks",
				);
				MACOSX_DEPLOYMENT_TARGET = 27.0;
				MARKETING_VERSION = 1.0;
				MODULE_VERIFIER_SUPPORTED_LANGUAGES = "objective-c objective-c++";
				MODULE_VERIFIER_SUPPORTED_LANGUAGE_STANDARDS = "gnu17 gnu++20";
				PRODUCT_BUNDLE_IDENTIFIER = com.zhufucdev.Common;
				PRODUCT_NAME = "$(TARGET_NAME:c99extidentifier)";
				SDKROOT = auto;
				SKIP_INSTALL = YES;
				STRING_CATALOG_GENERATE_SYMBOLS = YES;
				SUPPORTED_PLATFORMS = "iphoneos iphonesimulator macosx";
				SUPPORTS_MACCATALYST = NO;
				SWIFT_APPROACHABLE_CONCURRENCY = YES;
				SWIFT_EMIT_LOC_STRINGS = YES;
				SWIFT_INSTALL_MODULE = YES;
				SWIFT_INSTALL_OBJC_HEADER = NO;
				SWIFT_UPCOMING_FEATURE_MEMBER_IMPORT_VISIBILITY = YES;
				SWIFT_VERSION = 6.0;
				TARGETED_DEVICE_FAMILY = "1,2";
				VERSIONING_SYSTEM = "apple-generic";
				VERSION_INFO_PREFIX = "";
				XROS_DEPLOYMENT_TARGET = 27.0;
			};
			name = Debug;
		};
		6AF0C6CD2FE23C1600B2E764 /* Release configuration for PBXNativeTarget "Common" */ = {
			isa = XCBuildConfiguration;
			buildSettings = {
				ALLOW_TARGET_PLATFORM_SPECIALIZATION = YES;
				BUILD_LIBRARY_FOR_DISTRIBUTION = NO;
				CODE_SIGN_STYLE = Automatic;
				CURRENT_PROJECT_VERSION = 1;
				DEVELOPMENT_TEAM = 3B535J795R;
				DYLIB_COMPATIBILITY_VERSION = 1;
				DYLIB_CURRENT_VERSION = 1;
				DYLIB_INSTALL_NAME_BASE = "@rpath";
				ENABLE_MODULE_VERIFIER = YES;
				GENERATE_INFOPLIST_FILE = YES;
				INFOPLIST_FILE = Common/Info.plist;
				INFOPLIST_KEY_LSApplicationCategoryType = "";
				INFOPLIST_KEY_NSHumanReadableCopyright = "";
				INSTALL_PATH = "$(LOCAL_LIBRARY_DIR)/Frameworks";
				IPHONEOS_DEPLOYMENT_TARGET = 27.0;
				LD_RUNPATH_SEARCH_PATHS = (
					"@executable_path/Frameworks",
					"@loader_path/Frameworks",
				);
				"LD_RUNPATH_SEARCH_PATHS[sdk=macosx*]" = (
					"@executable_path/../Frameworks",
					"@loader_path/Frameworks",
				);
				MACOSX_DEPLOYMENT_TARGET = 27.0;
				MARKETING_VERSION = 1.0;
				MODULE_VERIFIER_SUPPORTED_LANGUAGES = "objective-c objective-c++";
				MODULE_VERIFIER_SUPPORTED_LANGUAGE_STANDARDS = "gnu17 gnu++20";
				PRODUCT_BUNDLE_IDENTIFIER = com.zhufucdev.Common;
				PRODUCT_NAME = "$(TARGET_NAME:c99extidentifier)";
				SDKROOT = auto;
				SKIP_INSTALL = YES;
				STRING_CATALOG_GENERATE_SYMBOLS = YES;
				SUPPORTED_PLATFORMS = "iphoneos iphonesimulator macosx";
				SUPPORTS_MACCATALYST = NO;
				SWIFT_APPROACHABLE_CONCURRENCY = YES;
				SWIFT_EMIT_LOC_STRINGS = YES;
				SWIFT_INSTALL_MODULE = YES;
				SWIFT_INSTALL_OBJC_HEADER = NO;
				SWIFT_UPCOMING_FEATURE_MEMBER_IMPORT_VISIBILITY = YES;
				SWIFT_VERSION = 6.0;
				TARGETED_DEVICE_FAMILY = "1,2";
				VERSIONING_SYSTEM = "apple-generic";
				VERSION_INFO_PREFIX = "";
				XROS_DEPLOYMENT_TARGET = 27.0;
			};
			name = Release;
		};
		6AF0C6CE2FE23C1600B2E764 /* Debug configuration for PBXNativeTarget "CommonTests" */ = {
			isa = XCBuildConfiguration;
			buildSettings = {
				ALLOW_TARGET_PLATFORM_SPECIALIZATION = YES;
				CODE_SIGN_STYLE = Automatic;
				CURRENT_PROJECT_VERSION = 1;
				DEVELOPMENT_TEAM = 3B535J795R;
				GENERATE_INFOPLIST_FILE = YES;
				IPHONEOS_DEPLOYMENT_TARGET = 27.0;
				MACOSX_DEPLOYMENT_TARGET = 27.0;
				MARKETING_VERSION = 1.0;
				PRODUCT_BUNDLE_IDENTIFIER = com.zhufucdev.CommonTests;
				PRODUCT_NAME = "$(TARGET_NAME)";
				SDKROOT = auto;
				STRING_CATALOG_GENERATE_SYMBOLS = NO;
				SUPPORTED_PLATFORMS = "iphoneos iphonesimulator macosx";
				SUPPORTS_MACCATALYST = NO;
				SWIFT_APPROACHABLE_CONCURRENCY = YES;
				SWIFT_EMIT_LOC_STRINGS = NO;
				SWIFT_UPCOMING_FEATURE_MEMBER_IMPORT_VISIBILITY = YES;
				SWIFT_VERSION = 6.0;
				TARGETED_DEVICE_FAMILY = "1,2";
				TEST_HOST = "$(BUILT_PRODUCTS_DIR)/Sumalr.app/$(BUNDLE_EXECUTABLE_FOLDER_PATH)/Sumalr";
				XROS_DEPLOYMENT_TARGET = 27.0;
			};
			name = Debug;
		};
		6AF0C6CF2FE23C1600B2E764 /* Release configuration for PBXNativeTarget "CommonTests" */ = {
			isa = XCBuildConfiguration;
			buildSettings = {
				ALLOW_TARGET_PLATFORM_SPECIALIZATION = YES;
				CODE_SIGN_STYLE = Automatic;
				CURRENT_PROJECT_VERSION = 1;
				DEVELOPMENT_TEAM = 3B535J795R;
				GENERATE_INFOPLIST_FILE = YES;
				IPHONEOS_DEPLOYMENT_TARGET = 27.0;
				MACOSX_DEPLOYMENT_TARGET = 27.0;
				MARKETING_VERSION = 1.0;
				PRODUCT_BUNDLE_IDENTIFIER = com.zhufucdev.CommonTests;
				PRODUCT_NAME = "$(TARGET_NAME)";
				SDKROOT = auto;
				STRING_CATALOG_GENERATE_SYMBOLS = NO;
				SUPPORTED_PLATFORMS = "iphoneos iphonesimulator macosx";
				SUPPORTS_MACCATALYST = NO;
				SWIFT_APPROACHABLE_CONCURRENCY = YES;
				SWIFT_EMIT_LOC_STRINGS = NO;
				SWIFT_UPCOMING_FEATURE_MEMBER_IMPORT_VISIBILITY = YES;
				SWIFT_VERSION = 6.0;
				TARGETED_DEVICE_FAMILY = "1,2";
				TEST_HOST = "$(BUILT_PRODUCTS_DIR)/Sumalr.app/$(BUNDLE_EXECUTABLE_FOLDER_PATH)/Sumalr";
				XROS_DEPLOYMENT_TARGET = 27.0;
			};
			name = Release;
		};
/* End XCBuildConfiguration section */

/* Begin XCConfigurationList section */
		000000000000000010000000 /* Build configuration list for PBXProject "Sumalr" */ = {
			isa = XCConfigurationList;
			buildConfigurations = (
				000000000000000011000000 /* Debug configuration for PBXProject "Sumalr" */,
				000000000000000012000000 /* Release configuration for PBXProject "Sumalr" */,
			);
			defaultConfigurationName = Release;
		};
		000000000000000110000000 /* Build configuration list for PBXNativeTarget "Sumalr" */ = {
			isa = XCConfigurationList;
			buildConfigurations = (
				000000000000000111000000 /* Debug configuration for PBXNativeTarget "Sumalr" */,
				000000000000000112000000 /* Release configuration for PBXNativeTarget "Sumalr" */,
			);
			defaultConfigurationName = Release;
		};
		6A66DA842FE694EB009AEDF9 /* Build configuration list for PBXNativeTarget "MemoryIndexExtension" */ = {
			isa = XCConfigurationList;
			buildConfigurations = (
				6A66DA852FE694EB009AEDF9 /* Debug configuration for PBXNativeTarget "MemoryIndexExtension" */,
				6A66DA862FE694EB009AEDF9 /* Release configuration for PBXNativeTarget "MemoryIndexExtension" */,
			);
			defaultConfigurationName = Release;
		};
		6A695FE52FE2356700DB08E0 /* Build configuration list for PBXNativeTarget "macOSShare" */ = {
			isa = XCConfigurationList;
			buildConfigurations = (
				6A695FE62FE2356700DB08E0 /* Debug configuration for PBXNativeTarget "macOSShare" */,
				6A695FE72FE2356700DB08E0 /* Release configuration for PBXNativeTarget "macOSShare" */,
			);
			defaultConfigurationName = Release;
		};
		6A695FF82FE235B800DB08E0 /* Build configuration list for PBXNativeTarget "iOSShare" */ = {
			isa = XCConfigurationList;
			buildConfigurations = (
				6A695FF92FE235B800DB08E0 /* Debug configuration for PBXNativeTarget "iOSShare" */,
				6A695FFA2FE235B800DB08E0 /* Release configuration for PBXNativeTarget "iOSShare" */,
			);
			defaultConfigurationName = Release;
		};
		6AF0C6D02FE23C1600B2E764 /* Build configuration list for PBXNativeTarget "Common" */ = {
			isa = XCConfigurationList;
			buildConfigurations = (
				6AF0C6CC2FE23C1600B2E764 /* Debug configuration for PBXNativeTarget "Common" */,
				6AF0C6CD2FE23C1600B2E764 /* Release configuration for PBXNativeTarget "Common" */,
			);
			defaultConfigurationName = Release;
		};
		6AF0C6D12FE23C1600B2E764 /* Build configuration list for PBXNativeTarget "CommonTests" */ = {
			isa = XCConfigurationList;
			buildConfigurations = (
				6AF0C6CE2FE23C1600B2E764 /* Debug configuration for PBXNativeTarget "CommonTests" */,
				6AF0C6CF2FE23C1600B2E764 /* Release configuration for PBXNativeTarget "CommonTests" */,
			);
			defaultConfigurationName = Release;
		};
/* End XCConfigurationList section */

/* Begin XCRemoteSwiftPackageReference section */
		6A159AF72FE2A6760079C59B /* XCRemoteSwiftPackageReference "EventSource" */ = {
			isa = XCRemoteSwiftPackageReference;
			repositoryURL = "https://github.com/mattt/EventSource.git";
			requirement = {
				kind = upToNextMajorVersion;
				minimumVersion = 1.4.1;
			};
			traits = (
			);
		};
		6A29DB9D300285D500539268 /* XCRemoteSwiftPackageReference "ClusterKit" */ = {
			isa = XCRemoteSwiftPackageReference;
			repositoryURL = "https://github.com/sumalr-developers/ClusterKit.git";
			requirement = {
				kind = upToNextMajorVersion;
				minimumVersion = 0.2.0;
			};
		};
		6A566DB62FE54F0C00378452 /* XCRemoteSwiftPackageReference "swift-async-algorithms" */ = {
			isa = XCRemoteSwiftPackageReference;
			repositoryURL = "https://github.com/apple/swift-async-algorithms.git";
			requirement = {
				kind = upToNextMajorVersion;
				minimumVersion = 1.1.4;
			};
		};
		6A6432632FE44CED00D2368A /* XCRemoteSwiftPackageReference "swift-log" */ = {
			isa = XCRemoteSwiftPackageReference;
			repositoryURL = "https://github.com/apple/swift-log";
			requirement = {
				kind = upToNextMajorVersion;
				minimumVersion = 1.13.2;
			};
		};
		6A64326F2FE527DE00D2368A /* XCRemoteSwiftPackageReference "Transmission" */ = {
			isa = XCRemoteSwiftPackageReference;
			repositoryURL = "https://github.com/nathantannar4/Transmission";
			requirement = {
				kind = upToNextMajorVersion;
				minimumVersion = 2.12.3;
			};
		};
		6A87CCCC2FE406C6004F5719 /* XCRemoteSwiftPackageReference "swiftui-introspect" */ = {
			isa = XCRemoteSwiftPackageReference;
			repositoryURL = "https://github.com/siteline/swiftui-introspect";
			requirement = {
				branch = "27.0.0-beta.1";
				kind = branch;
			};
		};
		6A89F413300512CA00620A16 /* XCRemoteSwiftPackageReference "SwiftUI-Flow" */ = {
			isa = XCRemoteSwiftPackageReference;
			repositoryURL = "https://github.com/tevelee/SwiftUI-Flow.git";
			requirement = {
				kind = upToNextMajorVersion;
				minimumVersion = 3.4.0;
			};
		};
		6A956D872FE2FE1600834288 /* XCRemoteSwiftPackageReference "swift-algorithms" */ = {
			isa = XCRemoteSwiftPackageReference;
			repositoryURL = "https://github.com/apple/swift-algorithms.git";
			requirement = {
				kind = upToNextMajorVersion;
				minimumVersion = 1.2.1;
			};
		};
		6AF0C6DB2FE27BE600B2E764 /* XCRemoteSwiftPackageReference "swift-http-types" */ = {
			isa = XCRemoteSwiftPackageReference;
			repositoryURL = "https://github.com/apple/swift-http-types.git";
			requirement = {
				kind = upToNextMajorVersion;
				minimumVersion = 1.6.0;
			};
		};
/* End XCRemoteSwiftPackageReference section */

/* Begin XCSwiftPackageProductDependency section */
		6A159AF02FE27CBD0079C59B /* HTTPTypes */ = {
			isa = XCSwiftPackageProductDependency;
			package = 6AF0C6DB2FE27BE600B2E764 /* XCRemoteSwiftPackageReference "swift-http-types" */;
			productName = HTTPTypes;
		};
		6A159AF22FE284810079C59B /* HTTPTypesFoundation */ = {
			isa = XCSwiftPackageProductDependency;
			package = 6AF0C6DB2FE27BE600B2E764 /* XCRemoteSwiftPackageReference "swift-http-types" */;
			productName = HTTPTypesFoundation;
		};
		6A159AF82FE2A6760079C59B /* EventSource */ = {
			isa = XCSwiftPackageProductDependency;
			package = 6A159AF72FE2A6760079C59B /* XCRemoteSwiftPackageReference "EventSource" */;
			productName = EventSource;
		};
		6A1EA75130037CF0008277C2 /* ClusterKit */ = {
			isa = XCSwiftPackageProductDependency;
			package = 6A29DB9D300285D500539268 /* XCRemoteSwiftPackageReference "ClusterKit" */;
			productName = ClusterKit;
		};
		6A29DB9E3002876900539268 /* ClusterKit */ = {
			isa = XCSwiftPackageProductDependency;
			package = 6A29DB9D300285D500539268 /* XCRemoteSwiftPackageReference "ClusterKit" */;
			productName = ClusterKit;
		};
		6A4523CF2FE398B000EA5AD2 /* Algorithms */ = {
			isa = XCSwiftPackageProductDependency;
			package = 6A956D872FE2FE1600834288 /* XCRemoteSwiftPackageReference "swift-algorithms" */;
			productName = Algorithms;
		};
		6A566DA62FE52E5800378452 /* Transmission */ = {
			isa = XCSwiftPackageProductDependency;
			package = 6A64326F2FE527DE00D2368A /* XCRemoteSwiftPackageReference "Transmission" */;
			productName = Transmission;
		};
		6A566DB72FE54F0C00378452 /* AsyncAlgorithms */ = {
			isa = XCSwiftPackageProductDependency;
			package = 6A566DB62FE54F0C00378452 /* XCRemoteSwiftPackageReference "swift-async-algorithms" */;
			productName = AsyncAlgorithms;
		};
		6A6432642FE44CED00D2368A /* Logging */ = {
			isa = XCSwiftPackageProductDependency;
			package = 6A6432632FE44CED00D2368A /* XCRemoteSwiftPackageReference "swift-log" */;
			productName = Logging;
		};
		6A87CCCD2FE406C6004F5719 /* SwiftUIIntrospect */ = {
			isa = XCSwiftPackageProductDependency;
			package = 6A87CCCC2FE406C6004F5719 /* XCRemoteSwiftPackageReference "swiftui-introspect" */;
			productName = SwiftUIIntrospect;
		};
		6A89F414300512CA00620A16 /* Flow */ = {
			isa = XCSwiftPackageProductDependency;
			package = 6A89F413300512CA00620A16 /* XCRemoteSwiftPackageReference "SwiftUI-Flow" */;
			productName = Flow;
		};
/* End XCSwiftPackageProductDependency section */
	};
	rootObject = 000000000000000000000000 /* Project object */;
}
